// !$*UTF8*$!
{
	archiveVersion = 1;
	classes = {
	};
	objectVersion = 50;
	objects = {

/* Begin PBXBuildFile section */
		46194CDF25114934004E6E44 /* AppDelegate.swift in Sources */ = {isa = PBXBuildFile; fileRef = 46194CDE25114934004E6E44 /* AppDelegate.swift */; };
		46194CE125114934004E6E44 /* SceneDelegate.swift in Sources */ = {isa = PBXBuildFile; fileRef = 46194CE025114934004E6E44 /* SceneDelegate.swift */; };
		46194CE425114934004E6E44 /* Bookworm.xcdatamodeld in Sources */ = {isa = PBXBuildFile; fileRef = 46194CE225114934004E6E44 /* Bookworm.xcdatamodeld */; };
		46194CE625114934004E6E44 /* ContentView.swift in Sources */ = {isa = PBXBuildFile; fileRef = 46194CE525114934004E6E44 /* ContentView.swift */; };
		46194CE82511493A004E6E44 /* Assets.xcassets in Resources */ = {isa = PBXBuildFile; fileRef = 46194CE72511493A004E6E44 /* Assets.xcassets */; };
		46194CEB2511493A004E6E44 /* Preview Assets.xcassets in Resources */ = {isa = PBXBuildFile; fileRef = 46194CEA2511493A004E6E44 /* Preview Assets.xcassets */; };
		46194CEE2511493A004E6E44 /* LaunchScreen.storyboard in Resources */ = {isa = PBXBuildFile; fileRef = 46194CEC2511493A004E6E44 /* LaunchScreen.storyboard */; };
		466165DC2511AD31001F065E /* AddBookView.swift in Sources */ = {isa = PBXBuildFile; fileRef = 466165DB2511AD31001F065E /* AddBookView.swift */; };
		466165DE2511D5A1001F065E /* RatingView.swift in Sources */ = {isa = PBXBuildFile; fileRef = 466165DD2511D5A0001F065E /* RatingView.swift */; };
		466165E02511F77A001F065E /* EmojiRatingView.swift in Sources */ = {isa = PBXBuildFile; fileRef = 466165DF2511F779001F065E /* EmojiRatingView.swift */; };
		466165E22511FC2B001F065E /* DetailView.swift in Sources */ = {isa = PBXBuildFile; fileRef = 466165E12511FC2B001F065E /* DetailView.swift */; };
/* End PBXBuildFile section */

/* Begin PBXFileReference section */
		46194CDB25114934004E6E44 /* Bookworm.app */ = {isa = PBXFileReference; explicitFileType = wrapper.application; includeInIndex = 0; path = Bookworm.app; sourceTree = BUILT_PRODUCTS_DIR; };
		46194CDE25114934004E6E44 /* AppDelegate.swift */ = {isa = PBXFileReference; lastKnownFileType = sourcecode.swift; path = AppDelegate.swift; sourceTree = "<group>"; };
		46194CE025114934004E6E44 /* SceneDelegate.swift */ = {isa = PBXFileReference; lastKnownFileType = sourcecode.swift; path = SceneDelegate.swift; sourceTree = "<group>"; };
		46194CE325114934004E6E44 /* Bookworm.xcdatamodel */ = {isa = PBXFileReference; lastKnownFileType = wrapper.xcdatamodel; path = Bookworm.xcdatamodel; sourceTree = "<group>"; };
		46194CE525114934004E6E44 /* ContentView.swift */ = {isa = PBXFileReference; lastKnownFileType = sourcecode.swift; path = ContentView.swift; sourceTree = "<group>"; };
		46194CE72511493A004E6E44 /* Assets.xcassets */ = {isa = PBXFileReference; lastKnownFileType = folder.assetcatalog; path = Assets.xcassets; sourceTree = "<group>"; };
		46194CEA2511493A004E6E44 /* Preview Assets.xcassets */ = {isa = PBXFileReference; lastKnownFileType = folder.assetcatalog; path = "Preview Assets.xcassets"; sourceTree = "<group>"; };
		46194CED2511493A004E6E44 /* Base */ = {isa = PBXFileReference; lastKnownFileType = file.storyboard; name = Base; path = Base.lproj/LaunchScreen.storyboard; sourceTree = "<group>"; };
		46194CEF2511493A004E6E44 /* Info.plist */ = {isa = PBXFileReference; lastKnownFileType = text.plist.xml; path = Info.plist; sourceTree = "<group>"; };
		466165DB2511AD31001F065E /* AddBookView.swift */ = {isa = PBXFileReference; lastKnownFileType = sourcecode.swift; path = AddBookView.swift; sourceTree = SOURCE_ROOT; };
		466165DD2511D5A0001F065E /* RatingView.swift */ = {isa = PBXFileReference; lastKnownFileType = sourcecode.swift; path = RatingView.swift; sourceTree = "<group>"; };
		466165DF2511F779001F065E /* EmojiRatingView.swift */ = {isa = PBXFileReference; lastKnownFileType = sourcecode.swift; path = EmojiRatingView.swift; sourceTree = "<group>"; };
		466165E12511FC2B001F065E /* DetailView.swift */ = {isa = PBXFileReference; lastKnownFileType = sourcecode.swift; path = DetailView.swift; sourceTree = "<group>"; };
/* End PBXFileReference section */

/* Begin PBXFrameworksBuildPhase section */
		46194CD825114934004E6E44 /* Frameworks */ = {
			isa = PBXFrameworksBuildPhase;
			buildActionMask = 2147483647;
			files = (
			);
			runOnlyForDeploymentPostprocessing = 0;
		};
/* End PBXFrameworksBuildPhase section */

/* Begin PBXGroup section */
		46194CD225114933004E6E44 = {
			isa = PBXGroup;
			children = (
				46194CDD25114934004E6E44 /* Bookworm */,
				46194CDC25114934004E6E44 /* Products */,
			);
			sourceTree = "<group>";
		};
		46194CDC25114934004E6E44 /* Products */ = {
			isa = PBXGroup;
			children = (
				46194CDB25114934004E6E44 /* Bookworm.app */,
			);
			name = Products;
			sourceTree = "<group>";
		};
		46194CDD25114934004E6E44 /* Bookworm */ = {
			isa = PBXGroup;
			children = (
				46194CDE25114934004E6E44 /* AppDelegate.swift */,
				46194CE025114934004E6E44 /* SceneDelegate.swift */,
				46194CE525114934004E6E44 /* ContentView.swift */,
				466165E12511FC2B001F065E /* DetailView.swift */,
				466165DB2511AD31001F065E /* AddBookView.swift */,
				466165DD2511D5A0001F065E /* RatingView.swift */,
				466165DF2511F779001F065E /* EmojiRatingView.swift */,
				46194CE72511493A004E6E44 /* Assets.xcassets */,
				46194CEC2511493A004E6E44 /* LaunchScreen.storyboard */,
				46194CEF2511493A004E6E44 /* Info.plist */,
				46194CE225114934004E6E44 /* Bookworm.xcdatamodeld */,
				46194CE92511493A004E6E44 /* Preview Content */,
			);
			path = Bookworm;
			sourceTree = "<group>";
		};
		46194CE92511493A004E6E44 /* Preview Content */ = {
			isa = PBXGroup;
			children = (
				46194CEA2511493A004E6E44 /* Preview Assets.xcassets */,
			);
			path = "Preview Content";
			sourceTree = "<group>";
		};
/* End PBXGroup section */

/* Begin PBXNativeTarget section */
		46194CDA25114934004E6E44 /* Bookworm */ = {
			isa = PBXNativeTarget;
			buildConfigurationList = 46194CF22511493A004E6E44 /* Build configuration list for PBXNativeTarget "Bookworm" */;
			buildPhases = (
				46194CD725114934004E6E44 /* Sources */,
				46194CD825114934004E6E44 /* Frameworks */,
				46194CD925114934004E6E44 /* Resources */,
			);
			buildRules = (
			);
			dependencies = (
			);
			name = Bookworm;
			productName = Bookworm;
			productReference = 46194CDB25114934004E6E44 /* Bookworm.app */;
			productType = "com.apple.product-type.application";
		};
/* End PBXNativeTarget section */

/* Begin PBXProject section */
		46194CD325114933004E6E44 /* Project object */ = {
			isa = PBXProject;
			attributes = {
				LastSwiftUpdateCheck = 1170;
				LastUpgradeCheck = 1170;
				ORGANIZATIONNAME = "Larry Nguyen";
				TargetAttributes = {
					46194CDA25114934004E6E44 = {
						CreatedOnToolsVersion = 11.7;
					};
				};
			};
			buildConfigurationList = 46194CD625114933004E6E44 /* Build configuration list for PBXProject "Bookworm" */;
			compatibilityVersion = "Xcode 9.3";
			developmentRegion = en;
			hasScannedForEncodings = 0;
			knownRegions = (
				en,
				Base,
			);
			mainGroup = 46194CD225114933004E6E44;
			productRefGroup = 46194CDC25114934004E6E44 /* Products */;
			projectDirPath = "";
			projectRoot = "";
			targets = (
				46194CDA25114934004E6E44 /* Bookworm */,
			);
		};
/* End PBXProject section */

/* Begin PBXResourcesBuildPhase section */
		46194CD925114934004E6E44 /* Resources */ = {
			isa = PBXResourcesBuildPhase;
			buildActionMask = 2147483647;
			files = (
				46194CEE2511493A004E6E44 /* LaunchScreen.storyboard in Resources */,
				46194CEB2511493A004E6E44 /* Preview Assets.xcassets in Resources */,
				46194CE82511493A004E6E44 /* Assets.xcassets in Resources */,
			);
			runOnlyForDeploymentPostprocessing = 0;
		};
/* End PBXResourcesBuildPhase section */

/* Begin PBXSourcesBuildPhase section */
		46194CD725114934004E6E44 /* Sources */ = {
			isa = PBXSourcesBuildPhase;
			buildActionMask = 2147483647;
			files = (
				46194CDF25114934004E6E44 /* AppDelegate.swift in Sources */,
				466165E22511FC2B001F065E /* DetailView.swift in Sources */,
				46194CE425114934004E6E44 /* Bookworm.xcdatamodeld in Sources */,
				466165E02511F77A001F065E /* EmojiRatingView.swift in Sources */,
				46194CE625114934004E6E44 /* ContentView.swift in Sources */,
				466165DE2511D5A1001F065E /* RatingView.swift in Sources */,
				46194CE125114934004E6E44 /* SceneDelegate.swift in Sources */,
				466165DC2511AD31001F065E /* AddBookView.swift in Sources */,
			);
			runOnlyForDeploymentPostprocessing = 0;
		};
/* End PBXSourcesBuildPhase section */

/* Begin PBXVariantGroup section */
		46194CEC2511493A004E6E44 /* LaunchScreen.storyboard */ = {
			isa = PBXVariantGroup;
			children = (
				46194CED2511493A004E6E44 /* Base */,
			);
			name = LaunchScreen.storyboard;
			sourceTree = "<group>";
		};
/* End PBXVariantGroup section */

/* Begin XCBuildConfiguration section */
		46194CF02511493A004E6E44 /* Debug */ = {
			isa = XCBuildConfiguration;
			buildSettings = {
				ALWAYS_SEARCH_USER_PATHS = NO;
				CLANG_ANALYZER_NONNULL = YES;
				CLANG_ANALYZER_NUMBER_OBJECT_CONVERSION = YES_AGGRESSIVE;
				CLANG_CXX_LANGUAGE_STANDARD = "gnu++14";
				CLANG_CXX_LIBRARY = "libc++";
				CLANG_ENABLE_MODULES = YES;
				CLANG_ENABLE_OBJC_ARC = YES;
				CLANG_ENABLE_OBJC_WEAK = YES;
				CLANG_WARN_BLOCK_CAPTURE_AUTORELEASING = YES;
				CLANG_WARN_BOOL_CONVERSION = YES;
				CLANG_WARN_COMMA = YES;
				CLANG_WARN_CONSTANT_CONVERSION = YES;
				CLANG_WARN_DEPRECATED_OBJC_IMPLEMENTATIONS = YES;
				CLANG_WARN_DIRECT_OBJC_ISA_USAGE = YES_ERROR;
				CLANG_WARN_DOCUMENTATION_COMMENTS = YES;
				CLANG_WARN_EMPTY_BODY = YES;
				CLANG_WARN_ENUM_CONVERSION = YES;
				CLANG_WARN_INFINITE_RECURSION = YES;
				CLANG_WARN_INT_CONVERSION = YES;
				CLANG_WARN_NON_LITERAL_NULL_CONVERSION = YES;
				CLANG_WARN_OBJC_IMPLICIT_RETAIN_SELF = YES;
				CLANG_WARN_OBJC_LITERAL_CONVERSION = YES;
				CLANG_WARN_OBJC_ROOT_CLASS = YES_ERROR;
				CLANG_WARN_RANGE_LOOP_ANALYSIS = YES;
				CLANG_WARN_STRICT_PROTOTYPES = YES;
				CLANG_WARN_SUSPICIOUS_MOVE = YES;
				CLANG_WARN_UNGUARDED_AVAILABILITY = YES_AGGRESSIVE;
				CLANG_WARN_UNREACHABLE_CODE = YES;
				CLANG_WARN__DUPLICATE_METHOD_MATCH = YES;
				COPY_PHASE_STRIP = NO;
				DEBUG_INFORMATION_FORMAT = dwarf;
				ENABLE_STRICT_OBJC_MSGSEND = YES;
				ENABLE_TESTABILITY = YES;
				GCC_C_LANGUAGE_STANDARD = gnu11;
				GCC_DYNAMIC_NO_PIC = NO;
				GCC_NO_COMMON_BLOCKS = YES;
				GCC_OPTIMIZATION_LEVEL = 0;
				GCC_PREPROCESSOR_DEFINITIONS = (
					"DEBUG=1",
					"$(inherited)",
				);
				GCC_WARN_64_TO_32_BIT_CONVERSION = YES;
				GCC_WARN_ABOUT_RETURN_TYPE = YES_ERROR;
				GCC_WARN_UNDECLARED_SELECTOR = YES;
				GCC_WARN_UNINITIALIZED_AUTOS = YES_AGGRESSIVE;
				GCC_WARN_UNUSED_FUNCTION = YES;
				GCC_WARN_UNUSED_VARIABLE = YES;
				IPHONEOS_DEPLOYMENT_TARGET = 13.7;
				MTL_ENABLE_DEBUG_INFO = INCLUDE_SOURCE;
				MTL_FAST_MATH = YES;
				ONLY_ACTIVE_ARCH = YES;
				SDKROOT = iphoneos;
				SWIFT_ACTIVE_COMPILATION_CONDITIONS = DEBUG;
				SWIFT_OPTIMIZATION_LEVEL = "-Onone";
			};
			name = Debug;
		};
		46194CF12511493A004E6E44 /* Release */ = {
			isa = XCBuildConfiguration;
			buildSettings = {
				ALWAYS_SEARCH_USER_PATHS = NO;
				CLANG_ANALYZER_NONNULL = YES;
				CLANG_ANALYZER_NUMBER_OBJECT_CONVERSION = YES_AGGRESSIVE;
				CLANG_CXX_LANGUAGE_STANDARD = "gnu++14";
				CLANG_CXX_LIBRARY = "libc++";
				CLANG_ENABLE_MODULES = YES;
				CLANG_ENABLE_OBJC_ARC = YES;
				CLANG_ENABLE_OBJC_WEAK = YES;
				CLANG_WARN_BLOCK_CAPTURE_AUTORELEASING = YES;
				CLANG_WARN_BOOL_CONVERSION = YES;
				CLANG_WARN_COMMA = YES;
				CLANG_WARN_CONSTANT_CONVERSION = YES;
				CLANG_WARN_DEPRECATED_OBJC_IMPLEMENTATIONS = YES;
				CLANG_WARN_DIRECT_OBJC_ISA_USAGE = YES_ERROR;
				CLANG_WARN_DOCUMENTATION_COMMENTS = YES;
				CLANG_WARN_EMPTY_BODY = YES;
				CLANG_WARN_ENUM_CONVERSION = YES;
				CLANG_WARN_INFINITE_RECURSION = YES;
				CLANG_WARN_INT_CONVERSION = YES;
				CLANG_WARN_NON_LITERAL_NULL_CONVERSION = YES;
				CLANG_WARN_OBJC_IMPLICIT_RETAIN_SELF = YES;
				CLANG_WARN_OBJC_LITERAL_CONVERSION = YES;
				CLANG_WARN_OBJC_ROOT_CLASS = YES_ERROR;
				CLANG_WARN_RANGE_LOOP_ANALYSIS = YES;
				CLANG_WARN_STRICT_PROTOTYPES = YES;
				CLANG_WARN_SUSPICIOUS_MOVE = YES;
				CLANG_WARN_UNGUARDED_AVAILABILITY = YES_AGGRESSIVE;
				CLANG_WARN_UNREACHABLE_CODE = YES;
				CLANG_WARN__DUPLICATE_METHOD_MATCH = YES;
				COPY_PHASE_STRIP = NO;
				DEBUG_INFORMATION_FORMAT = "dwarf-with-dsym";
				ENABLE_NS_ASSERTIONS = NO;
				ENABLE_STRICT_OBJC_MSGSEND = YES;
				GCC_C_LANGUAGE_STANDARD = gnu11;
				GCC_NO_COMMON_BLOCKS = YES;
				GCC_WARN_64_TO_32_BIT_CONVERSION = YES;
				GCC_WARN_ABOUT_RETURN_TYPE = YES_ERROR;
				GCC_WARN_UNDECLARED_SELECTOR = YES;
				GCC_WARN_UNINITIALIZED_AUTOS = YES_AGGRESSIVE;
				GCC_WARN_UNUSED_FUNCTION = YES;
				GCC_WARN_UNUSED_VARIABLE = YES;
				IPHONEOS_DEPLOYMENT_TARGET = 13.7;
				MTL_ENABLE_DEBUG_INFO = NO;
				MTL_FAST_MATH = YES;
				SDKROOT = iphoneos;
				SWIFT_COMPILATION_MODE = wholemodule;
				SWIFT_OPTIMIZATION_LEVEL = "-O";
				VALIDATE_PRODUCT = YES;
			};
			name = Release;
		};
		46194CF32511493A004E6E44 /* Debug */ = {
			isa = XCBuildConfiguration;
			buildSettings = {
				ASSETCATALOG_COMPILER_APPICON_NAME = AppIcon;
				CODE_SIGN_STYLE = Automatic;
				DEVELOPMENT_ASSET_PATHS = "\"Bookworm/Preview Content\"";
				DEVELOPMENT_TEAM = 4WA5C8537R;
				ENABLE_PREVIEWS = YES;
				INFOPLIST_FILE = Bookworm/Info.plist;
				LD_RUNPATH_SEARCH_PATHS = (
					"$(inherited)",
					"@executable_path/Frameworks",
				);
				PRODUCT_BUNDLE_IDENTIFIER = com.larryn.Bookworm;
				PRODUCT_NAME = "$(TARGET_NAME)";
				SWIFT_VERSION = 5.0;
				TARGETED_DEVICE_FAMILY = "1,2";
			};
			name = Debug;
		};
		46194CF42511493A004E6E44 /* Release */ = {
			isa = XCBuildConfiguration;
			buildSettings = {
				ASSETCATALOG_COMPILER_APPICON_NAME = AppIcon;
				CODE_SIGN_STYLE = Automatic;
				DEVELOPMENT_ASSET_PATHS = "\"Bookworm/Preview Content\"";
				DEVELOPMENT_TEAM = 4WA5C8537R;
				ENABLE_PREVIEWS = YES;
				INFOPLIST_FILE = Bookworm/Info.plist;
				LD_RUNPATH_SEARCH_PATHS = (
					"$(inherited)",
					"@executable_path/Frameworks",
				);
				PRODUCT_BUNDLE_IDENTIFIER = com.larryn.Bookworm;
				PRODUCT_NAME = "$(TARGET_NAME)";
				SWIFT_VERSION = 5.0;
				TARGETED_DEVICE_FAMILY = "1,2";
			};
			name = Release;
		};
/* End XCBuildConfiguration section */

/* Begin XCConfigurationList section */
		46194CD625114933004E6E44 /* Build configuration list for PBXProject "Bookworm" */ = {
			isa = XCConfigurationList;
			buildConfigurations = (
				46194CF02511493A004E6E44 /* Debug */,
				46194CF12511493A004E6E44 /* Release */,
			);
			defaultConfigurationIsVisible = 0;
			defaultConfigurationName = Release;
		};
		46194CF22511493A004E6E44 /* Build configuration list for PBXNativeTarget "Bookworm" */ = {
			isa = XCConfigurationList;
			buildConfigurations = (
				46194CF32511493A004E6E44 /* Debug */,
				46194CF42511493A004E6E44 /* Release */,
			);
			defaultConfigurationIsVisible = 0;
			defaultConfigurationName = Release;
		};
/* End XCConfigurationList section */

/* Begin XCVersionGroup section */
		46194CE225114934004E6E44 /* Bookworm.xcdatamodeld */ = {
			isa = XCVersionGroup;
			children = (
				46194CE325114934004E6E44 /* Bookworm.xcdatamodel */,
			);
			currentVersion = 46194CE325114934004E6E44 /* Bookworm.xcdatamodel */;
			path = Bookworm.xcdatamodeld;
			sourceTree = "<group>";
			versionGroupType = wrapper.xcdatamodel;
		};
/* End XCVersionGroup section */
	};
	rootObject = 46194CD325114933004E6E44 /* Project object */;
}
